name: Maintenance
on:
  workflow_dispatch:
  schedule:
    - cron: '0 0 1 * *' # runs monthly at 00:00
permissions:
  pull-requests: write
  contents: write
jobs:
  lockfile:
    runs-on: ubuntu-latest
    steps:
      - name: Checkout repository
        uses: actions/checkout@a5ac7e51b41094c92402da3b24376905380afc29 # v4
      - name: Install Nix
        uses: cachix/install-nix-action@ba0dd844c9180cbf77aa72a116d6fbc515d0e87b # v27
        with:
          github_access_token: ${{ secrets.GITHUB_TOKEN }}
          extra_nix_config: |
            access-tokens = github.com=${{ secrets.GITHUB_TOKEN }}
      - name: Update flake.lock
        uses: DeterminateSystems/update-flake-lock@bba6a453b747fa3bd82895a4a296c3d0e3cfabd4 # v22
        with:
          pr-title: "chore(deps): update flake.lock"
          pr-body: |
            automated changes by DeterminateSystems/update-flake-lock
            ```
            {{ env.GIT_COMMIT_MESSAGE }}
            ```
            pr-labels: |
            dependencies
